
Microsoft Visual Studio Solution File, Format Version 12.00
# Visual Studio Version 16
VisualStudioVersion = 16.0.30907.101
MinimumVisualStudioVersion = 10.0.40219.1
Project("{2150E333-8FDC-42A3-9474-1A3956D46DE8}") = "Domain", "Domain", "{4BC095C3-D2A5-4AF5-AEF0-368DE75659E9}"
EndProject
Project("{2150E333-8FDC-42A3-9474-1A3956D46DE8}") = "Infra.Bus", "Infra.Bus", "{74D35494-2178-4490-91D3-DF69C9A44096}"
EndProject
Project("{2150E333-8FDC-42A3-9474-1A3956D46DE8}") = "Infra.IoC", "Infra.IoC", "{DC199DDF-D18F-4C2D-A2DC-87EC39A04D9F}"
EndProject
Project("{2150E333-8FDC-42A3-9474-1A3956D46DE8}") = "Microservices", "Microservices", "{5D590793-16E6-4421-899A-2AA82F4B9803}"
EndProject
Project("{2150E333-8FDC-42A3-9474-1A3956D46DE8}") = "Presentation", "Presentation", "{E3779318-AA2E-4968-A82A-2DCA3B75E4ED}"
EndProject
Project("{9A19103F-16F7-4668-BE54-9A1E7A4F7556}") = "MicroRabbit.Domain.Core", "MicroRabbit.Domain.Core\MicroRabbit.Domain.Core.csproj", "{2FE0BD60-A413-4C60-A9E3-DD520B5C88A6}"
EndProject
Project("{9A19103F-16F7-4668-BE54-9A1E7A4F7556}") = "MicroRabbit.Infra.Bus", "MicroRabbit.Infra.Bus\MicroRabbit.Infra.Bus.csproj", "{85C31954-48BE-4E5A-B626-E7F18F91EE05}"
EndProject
Project("{FAE04EC0-301F-11D3-BF4B-00C04F79EFBC}") = "MicroRabbit.Infra.IoC", "MicroRabbit.Infra.IoC\MicroRabbit.Infra.IoC.csproj", "{8AC0DFDF-DA40-43C2-95B9-FFC7C4BF72CE}"
EndProject
Project("{2150E333-8FDC-42A3-9474-1A3956D46DE8}") = "Banking", "Banking", "{CDA574A4-D005-45D7-9053-57165991F731}"
EndProject
Project("{2150E333-8FDC-42A3-9474-1A3956D46DE8}") = "Transfer", "Transfer", "{4F6034D3-51E5-4292-BB59-0FEB581BCC79}"
EndProject
Project("{2150E333-8FDC-42A3-9474-1A3956D46DE8}") = "API", "API", "{DB60251F-2B15-4B9D-A5A7-C657869502FF}"
EndProject
Project("{2150E333-8FDC-42A3-9474-1A3956D46DE8}") = "Domain", "Domain", "{900CC7EC-D381-41F4-B06E-4F24161C3FBD}"
EndProject
Project("{2150E333-8FDC-42A3-9474-1A3956D46DE8}") = "Application", "Application", "{BB339696-EB87-4995-95BD-F176DD23B3CC}"
EndProject
Project("{2150E333-8FDC-42A3-9474-1A3956D46DE8}") = "Data", "Data", "{BC0C1C1E-C723-48D1-A6CC-2DB37D87D287}"
EndProject
Project("{FAE04EC0-301F-11D3-BF4B-00C04F79EFBC}") = "MicroRabbit.Banking.API", "MicroRabbit.Banking.API\MicroRabbit.Banking.API.csproj", "{48D56F46-5866-4DEE-B844-29DEF8946910}"
EndProject
Project("{FAE04EC0-301F-11D3-BF4B-00C04F79EFBC}") = "MicroRabbit.Banking.Application", "MicroRabbit.Banking.Application\MicroRabbit.Banking.Application.csproj", "{E683FC77-E646-4BAD-AAD5-BB2B78AF3697}"
EndProject
Project("{FAE04EC0-301F-11D3-BF4B-00C04F79EFBC}") = "MicroRabbit.Banking.Data", "MicroRabbit.Banking.Data\MicroRabbit.Banking.Data.csproj", "{60D39019-4C72-44A4-BE8C-8E32652A814B}"
EndProject
Project("{FAE04EC0-301F-11D3-BF4B-00C04F79EFBC}") = "MicroRabbit.Banking.Domain", "MicroRabbit.Banking.Domain\MicroRabbit.Banking.Domain.csproj", "{6F78543B-215A-4488-8344-642485DEE365}"
EndProject
Global
	GlobalSection(SolutionConfigurationPlatforms) = preSolution
		Debug|Any CPU = Debug|Any CPU
		Release|Any CPU = Release|Any CPU
	EndGlobalSection
	GlobalSection(ProjectConfigurationPlatforms) = postSolution
		{2FE0BD60-A413-4C60-A9E3-DD520B5C88A6}.Debug|Any CPU.ActiveCfg = Debug|Any CPU
		{2FE0BD60-A413-4C60-A9E3-DD520B5C88A6}.Debug|Any CPU.Build.0 = Debug|Any CPU
		{2FE0BD60-A413-4C60-A9E3-DD520B5C88A6}.Release|Any CPU.ActiveCfg = Release|Any CPU
		{2FE0BD60-A413-4C60-A9E3-DD520B5C88A6}.Release|Any CPU.Build.0 = Release|Any CPU
		{85C31954-48BE-4E5A-B626-E7F18F91EE05}.Debug|Any CPU.ActiveCfg = Debug|Any CPU
		{85C31954-48BE-4E5A-B626-E7F18F91EE05}.Debug|Any CPU.Build.0 = Debug|Any CPU
		{85C31954-48BE-4E5A-B626-E7F18F91EE05}.Release|Any CPU.ActiveCfg = Release|Any CPU
		{85C31954-48BE-4E5A-B626-E7F18F91EE05}.Release|Any CPU.Build.0 = Release|Any CPU
		{8AC0DFDF-DA40-43C2-95B9-FFC7C4BF72CE}.Debug|Any CPU.ActiveCfg = Debug|Any CPU
		{8AC0DFDF-DA40-43C2-95B9-FFC7C4BF72CE}.Debug|Any CPU.Build.0 = Debug|Any CPU
		{8AC0DFDF-DA40-43C2-95B9-FFC7C4BF72CE}.Release|Any CPU.ActiveCfg = Release|Any CPU
		{8AC0DFDF-DA40-43C2-95B9-FFC7C4BF72CE}.Release|Any CPU.Build.0 = Release|Any CPU
		{48D56F46-5866-4DEE-B844-29DEF8946910}.Debug|Any CPU.ActiveCfg = Debug|Any CPU
		{48D56F46-5866-4DEE-B844-29DEF8946910}.Debug|Any CPU.Build.0 = Debug|Any CPU
		{48D56F46-5866-4DEE-B844-29DEF8946910}.Release|Any CPU.ActiveCfg = Release|Any CPU
		{48D56F46-5866-4DEE-B844-29DEF8946910}.Release|Any CPU.Build.0 = Release|Any CPU
		{E683FC77-E646-4BAD-AAD5-BB2B78AF3697}.Debug|Any CPU.ActiveCfg = Debug|Any CPU
		{E683FC77-E646-4BAD-AAD5-BB2B78AF3697}.Debug|Any CPU.Build.0 = Debug|Any CPU
		{E683FC77-E646-4BAD-AAD5-BB2B78AF3697}.Release|Any CPU.ActiveCfg = Release|Any CPU
		{E683FC77-E646-4BAD-AAD5-BB2B78AF3697}.Release|Any CPU.Build.0 = Release|Any CPU
		{60D39019-4C72-44A4-BE8C-8E32652A814B}.Debug|Any CPU.ActiveCfg = Debug|Any CPU
		{60D39019-4C72-44A4-BE8C-8E32652A814B}.Debug|Any CPU.Build.0 = Debug|Any CPU
		{60D39019-4C72-44A4-BE8C-8E32652A814B}.Release|Any CPU.ActiveCfg = Release|Any CPU
		{60D39019-4C72-44A4-BE8C-8E32652A814B}.Release|Any CPU.Build.0 = Release|Any CPU
		{6F78543B-215A-4488-8344-642485DEE365}.Debug|Any CPU.ActiveCfg = Debug|Any CPU
		{6F78543B-215A-4488-8344-642485DEE365}.Debug|Any CPU.Build.0 = Debug|Any CPU
		{6F78543B-215A-4488-8344-642485DEE365}.Release|Any CPU.ActiveCfg = Release|Any CPU
		{6F78543B-215A-4488-8344-642485DEE365}.Release|Any CPU.Build.0 = Release|Any CPU
	EndGlobalSection
	GlobalSection(SolutionProperties) = preSolution
		HideSolutionNode = FALSE
	EndGlobalSection
	GlobalSection(NestedProjects) = preSolution
		{2FE0BD60-A413-4C60-A9E3-DD520B5C88A6} = {4BC095C3-D2A5-4AF5-AEF0-368DE75659E9}
		{85C31954-48BE-4E5A-B626-E7F18F91EE05} = {74D35494-2178-4490-91D3-DF69C9A44096}
		{8AC0DFDF-DA40-43C2-95B9-FFC7C4BF72CE} = {DC199DDF-D18F-4C2D-A2DC-87EC39A04D9F}
		{CDA574A4-D005-45D7-9053-57165991F731} = {5D590793-16E6-4421-899A-2AA82F4B9803}
		{4F6034D3-51E5-4292-BB59-0FEB581BCC79} = {5D590793-16E6-4421-899A-2AA82F4B9803}
		{DB60251F-2B15-4B9D-A5A7-C657869502FF} = {CDA574A4-D005-45D7-9053-57165991F731}
		{900CC7EC-D381-41F4-B06E-4F24161C3FBD} = {CDA574A4-D005-45D7-9053-57165991F731}
		{BB339696-EB87-4995-95BD-F176DD23B3CC} = {CDA574A4-D005-45D7-9053-57165991F731}
		{BC0C1C1E-C723-48D1-A6CC-2DB37D87D287} = {CDA574A4-D005-45D7-9053-57165991F731}
		{48D56F46-5866-4DEE-B844-29DEF8946910} = {DB60251F-2B15-4B9D-A5A7-C657869502FF}
		{E683FC77-E646-4BAD-AAD5-BB2B78AF3697} = {BB339696-EB87-4995-95BD-F176DD23B3CC}
		{60D39019-4C72-44A4-BE8C-8E32652A814B} = {BC0C1C1E-C723-48D1-A6CC-2DB37D87D287}
		{6F78543B-215A-4488-8344-642485DEE365} = {900CC7EC-D381-41F4-B06E-4F24161C3FBD}
	EndGlobalSection
	GlobalSection(ExtensibilityGlobals) = postSolution
		SolutionGuid = {9E953853-8666-4513-924F-E9961446575A}
	EndGlobalSection
EndGlobal
